
Microsoft Visual Studio Solution File, Format Version 12.00
# Visual Studio 15
VisualStudioVersion = 15.0.26430.12
MinimumVisualStudioVersion = 10.0.40219.1
Project("{FAE04EC0-301F-11D3-BF4B-00C04F79EFBC}") = "html to excel", "html to excel\html to excel.csproj", "{DCA5FC53-5F3B-40C8-BA5A-B8A2E8C0C712}"
EndProject
Global
	GlobalSection(SolutionConfigurationPlatforms) = preSolution
		Debug|Any CPU = Debug|Any CPU
		Release|Any CPU = Release|Any CPU
	EndGlobalSection
	GlobalSection(ProjectConfigurationPlatforms) = postSolution
		{DCA5FC53-5F3B-40C8-BA5A-B8A2E8C0C712}.Debug|Any CPU.ActiveCfg = Debug|Any CPU
		{DCA5FC53-5F3B-40C8-BA5A-B8A2E8C0C712}.Debug|Any CPU.Build.0 = Debug|Any CPU
		{DCA5FC53-5F3B-40C8-BA5A-B8A2E8C0C712}.Release|Any CPU.ActiveCfg = Release|Any CPU
		{DCA5FC53-5F3B-40C8-BA5A-B8A2E8C0C712}.Release|Any CPU.Build.0 = Release|Any CPU
	EndGlobalSection
	GlobalSection(SolutionProperties) = preSolution
		HideSolutionNode = FALSE
	EndGlobalSection
EndGlobal
